
Microsoft Visual Studio Solution File, Format Version 12.00
# Visual Studio Version 16
VisualStudioVersion = 16.0.29306.81
MinimumVisualStudioVersion = 10.0.40219.1
Project("{FAE04EC0-301F-11D3-BF4B-00C04F79EFBC}") = "PID_Tuner", "PID_Tuner\PID_Tuner.csproj", "{DA13493D-5504-4D8E-AB11-0FF78BE94BB3}"
EndProject
Project("{FAE04EC0-301F-11D3-BF4B-00C04F79EFBC}") = "MasterLibrary", "..\Library\MasterLibrary\MasterLibrary\MasterLibrary.csproj", "{E10936BE-D859-498C-BD70-A1A896260ECF}"
EndProject
Global
	GlobalSection(SolutionConfigurationPlatforms) = preSolution
		Debug|Any CPU = Debug|Any CPU
		Release|Any CPU = Release|Any CPU
	EndGlobalSection
	GlobalSection(ProjectConfigurationPlatforms) = postSolution
		{DA13493D-5504-4D8E-AB11-0FF78BE94BB3}.Debug|Any CPU.ActiveCfg = Debug|Any CPU
		{DA13493D-5504-4D8E-AB11-0FF78BE94BB3}.Debug|Any CPU.Build.0 = Debug|Any CPU
		{DA13493D-5504-4D8E-AB11-0FF78BE94BB3}.Release|Any CPU.ActiveCfg = Release|Any CPU
		{DA13493D-5504-4D8E-AB11-0FF78BE94BB3}.Release|Any CPU.Build.0 = Release|Any CPU
		{E10936BE-D859-498C-BD70-A1A896260ECF}.Debug|Any CPU.ActiveCfg = Debug|Any CPU
		{E10936BE-D859-498C-BD70-A1A896260ECF}.Debug|Any CPU.Build.0 = Debug|Any CPU
		{E10936BE-D859-498C-BD70-A1A896260ECF}.Release|Any CPU.ActiveCfg = Release|Any CPU
		{E10936BE-D859-498C-BD70-A1A896260ECF}.Release|Any CPU.Build.0 = Release|Any CPU
	EndGlobalSection
	GlobalSection(SolutionProperties) = preSolution
		HideSolutionNode = FALSE
	EndGlobalSection
	GlobalSection(ExtensibilityGlobals) = postSolution
		SolutionGuid = {AD5C6BE2-1E8A-4F88-B247-E932FD6AA354}
	EndGlobalSection
EndGlobal
